
Microsoft Visual Studio Solution File, Format Version 12.00
# Visual Studio Version 17
VisualStudioVersion = 17.9.34616.47
MinimumVisualStudioVersion = 10.0.40219.1
Project("{8BC9CEB8-8B4A-11D0-8D11-00A0C91BC942}") = "PointerFriend", "PointerFriend\PointerFriend.vcxproj", "{579BA503-DAAC-44D7-9C86-F074EC85CFC4}"
EndProject
Project("{8BC9CEB8-8B4A-11D0-8D11-00A0C91BC942}") = "Pointer2", "Pointer2\Pointer2.vcxproj", "{A3556DD6-9187-42A5-8016-E1EA95A2B063}"
EndProject
Project("{8BC9CEB8-8B4A-11D0-8D11-00A0C91BC942}") = "Pointer3", "Pointer3\Pointer3.vcxproj", "{53B5F447-C0A9-47B5-9206-A69CB91C7025}"
EndProject
Project("{8BC9CEB8-8B4A-11D0-8D11-00A0C91BC942}") = "Pointer4", "Pointer4\Pointer4.vcxproj", "{88C5BB00-E3B0-4EF7-AE97-CAC6658F905D}"
EndProject
Global
	GlobalSection(SolutionConfigurationPlatforms) = preSolution
		Debug|x64 = Debug|x64
		Debug|x86 = Debug|x86
		Release|x64 = Release|x64
		Release|x86 = Release|x86
	EndGlobalSection
	GlobalSection(ProjectConfigurationPlatforms) = postSolution
		{579BA503-DAAC-44D7-9C86-F074EC85CFC4}.Debug|x64.ActiveCfg = Debug|x64
		{579BA503-DAAC-44D7-9C86-F074EC85CFC4}.Debug|x64.Build.0 = Debug|x64
		{579BA503-DAAC-44D7-9C86-F074EC85CFC4}.Debug|x86.ActiveCfg = Debug|Win32
		{579BA503-DAAC-44D7-9C86-F074EC85CFC4}.Debug|x86.Build.0 = Debug|Win32
		{579BA503-DAAC-44D7-9C86-F074EC85CFC4}.Release|x64.ActiveCfg = Release|x64
		{579BA503-DAAC-44D7-9C86-F074EC85CFC4}.Release|x64.Build.0 = Release|x64
		{579BA503-DAAC-44D7-9C86-F074EC85CFC4}.Release|x86.ActiveCfg = Release|Win32
		{579BA503-DAAC-44D7-9C86-F074EC85CFC4}.Release|x86.Build.0 = Release|Win32
		{A3556DD6-9187-42A5-8016-E1EA95A2B063}.Debug|x64.ActiveCfg = Debug|x64
		{A3556DD6-9187-42A5-8016-E1EA95A2B063}.Debug|x64.Build.0 = Debug|x64
		{A3556DD6-9187-42A5-8016-E1EA95A2B063}.Debug|x86.ActiveCfg = Debug|Win32
		{A3556DD6-9187-42A5-8016-E1EA95A2B063}.Debug|x86.Build.0 = Debug|Win32
		{A3556DD6-9187-42A5-8016-E1EA95A2B063}.Release|x64.ActiveCfg = Release|x64
		{A3556DD6-9187-42A5-8016-E1EA95A2B063}.Release|x64.Build.0 = Release|x64
		{A3556DD6-9187-42A5-8016-E1EA95A2B063}.Release|x86.ActiveCfg = Release|Win32
		{A3556DD6-9187-42A5-8016-E1EA95A2B063}.Release|x86.Build.0 = Release|Win32
		{53B5F447-C0A9-47B5-9206-A69CB91C7025}.Debug|x64.ActiveCfg = Debug|x64
		{53B5F447-C0A9-47B5-9206-A69CB91C7025}.Debug|x64.Build.0 = Debug|x64
		{53B5F447-C0A9-47B5-9206-A69CB91C7025}.Debug|x86.ActiveCfg = Debug|Win32
		{53B5F447-C0A9-47B5-9206-A69CB91C7025}.Debug|x86.Build.0 = Debug|Win32
		{53B5F447-C0A9-47B5-9206-A69CB91C7025}.Release|x64.ActiveCfg = Release|x64
		{53B5F447-C0A9-47B5-9206-A69CB91C7025}.Release|x64.Build.0 = Release|x64
		{53B5F447-C0A9-47B5-9206-A69CB91C7025}.Release|x86.ActiveCfg = Release|Win32
		{53B5F447-C0A9-47B5-9206-A69CB91C7025}.Release|x86.Build.0 = Release|Win32
		{88C5BB00-E3B0-4EF7-AE97-CAC6658F905D}.Debug|x64.ActiveCfg = Debug|x64
		{88C5BB00-E3B0-4EF7-AE97-CAC6658F905D}.Debug|x64.Build.0 = Debug|x64
		{88C5BB00-E3B0-4EF7-AE97-CAC6658F905D}.Debug|x86.ActiveCfg = Debug|Win32
		{88C5BB00-E3B0-4EF7-AE97-CAC6658F905D}.Debug|x86.Build.0 = Debug|Win32
		{88C5BB00-E3B0-4EF7-AE97-CAC6658F905D}.Release|x64.ActiveCfg = Release|x64
		{88C5BB00-E3B0-4EF7-AE97-CAC6658F905D}.Release|x64.Build.0 = Release|x64
		{88C5BB00-E3B0-4EF7-AE97-CAC6658F905D}.Release|x86.ActiveCfg = Release|Win32
		{88C5BB00-E3B0-4EF7-AE97-CAC6658F905D}.Release|x86.Build.0 = Release|Win32
	EndGlobalSection
	GlobalSection(SolutionProperties) = preSolution
		HideSolutionNode = FALSE
	EndGlobalSection
	GlobalSection(ExtensibilityGlobals) = postSolution
		SolutionGuid = {68F5BC0F-BA2C-43CB-8F5C-DC9877F84409}
	EndGlobalSection
EndGlobal
